<?xml version="1.0" encoding="utf-8"?>
<Project ToolsVersion="4.0" xmlns="http://schemas.microsoft.com/developer/msbuild/2003">
  <ItemGroup>
    <Filter Include="Quelldateien">
      <UniqueIdentifier>{4FC737F1-C7A5-4376-A066-2A32D752A2FF}</UniqueIdentifier>
      <Extensions>cpp;c;cc;cxx;def;odl;idl;hpj;bat;asm;asmx</Extensions>
    </Filter>
    <Filter Include="Headerdateien">
      <UniqueIdentifier>{93995380-89BD-4b04-88EB-625FBE52EBFB}</UniqueIdentifier>
      <Extensions>h;hh;hpp;hxx;hm;inl;inc;ipp;xsd</Extensions>
    </Filter>
    <Filter Include="Ressourcendateien">
      <UniqueIdentifier>{67DA6AB6-F800-4c08-8B7A-83BB121AAD01}</UniqueIdentifier>
      <Extensions>rc;ico;cur;bmp;dlg;rc2;rct;bin;rgs;gif;jpg;jpeg;jpe;resx;tiff;tif;png;wav;mfcribbon-ms</Extensions>
    </Filter>
    <Filter Include="Headerdateien\connection">
      <UniqueIdentifier>{d85e05f1-584b-4b8b-82e9-aa9c4f8cf080}</UniqueIdentifier>
    </Filter>
    <Filter Include="Quelldateien\connection">
      <UniqueIdentifier>{8980d959-c2f2-4206-a88f-59b7979fc409}</UniqueIdentifier>
    </Filter>
  </ItemGroup>
  <ItemGroup>
    <ClCompile Include="main.cpp">
      <Filter>Quelldateien</Filter>
    </ClCompile>
    <ClCompile Include="base64\base64.cpp">
      <Filter>Quelldateien\connection</Filter>
    </ClCompile>
    <ClCompile Include="socket\src\Socket.cpp">
      <Filter>Quelldateien\connection</Filter>
    </ClCompile>
    <ClCompile Include="stdHelpers.cpp">
      <Filter>Quelldateien\connection</Filter>
    </ClCompile>
    <ClCompile Include="UrlHelper.cpp">
      <Filter>Quelldateien\connection</Filter>
    </ClCompile>
    <ClCompile Include="webserver.cpp">
      <Filter>Quelldateien\connection</Filter>
    </ClCompile>
    <ClCompile Include="WebPathHandler.cpp">
      <Filter>Quelldateien</Filter>
    </ClCompile>
  </ItemGroup>
  <ItemGroup>
    <ClInclude Include="base64\base64.h">
      <Filter>Headerdateien\connection</Filter>
    </ClInclude>
    <ClInclude Include="webserver.h">
      <Filter>Headerdateien\connection</Filter>
    </ClInclude>
    <ClInclude Include="UrlHelper.h">
      <Filter>Headerdateien\connection</Filter>
    </ClInclude>
    <ClInclude Include="Tracer.h">
      <Filter>Headerdateien\connection</Filter>
    </ClInclude>
    <ClInclude Include="stdHelpers.h">
      <Filter>Headerdateien\connection</Filter>
    </ClInclude>
    <ClInclude Include="socket\src\Socket.h">
      <Filter>Headerdateien\connection</Filter>
    </ClInclude>
    <ClInclude Include="WebPathHandler.h">
      <Filter>Headerdateien</Filter>
    </ClInclude>
    <ClInclude Include="casTypes.h">
      <Filter>Quelldateien</Filter>
    </ClInclude>
  </ItemGroup>
</Project>