<?xml version="1.0" encoding="utf-8"?>
<Project ToolsVersion="4.0" xmlns="http://schemas.microsoft.com/developer/msbuild/2003">
  <ItemGroup>
    <Filter Include="Quelldateien">
      <UniqueIdentifier>{4FC737F1-C7A5-4376-A066-2A32D752A2FF}</UniqueIdentifier>
      <Extensions>cpp;c;cc;cxx;def;odl;idl;hpj;bat;asm;asmx</Extensions>
    </Filter>
    <Filter Include="Headerdateien">
      <UniqueIdentifier>{93995380-89BD-4b04-88EB-625FBE52EBFB}</UniqueIdentifier>
      <Extensions>h;hh;hpp;hxx;hm;inl;inc;ipp;xsd</Extensions>
    </Filter>
    <Filter Include="Ressourcendateien">
      <UniqueIdentifier>{67DA6AB6-F800-4c08-8B7A-83BB121AAD01}</UniqueIdentifier>
      <Extensions>rc;ico;cur;bmp;dlg;rc2;rct;bin;rgs;gif;jpg;jpeg;jpe;resx;tiff;tif;png;wav;mfcribbon-ms</Extensions>
    </Filter>
    <Filter Include="Headerdateien\connection">
      <UniqueIdentifier>{d85e05f1-584b-4b8b-82e9-aa9c4f8cf080}</UniqueIdentifier>
    </Filter>
    <Filter Include="Quelldateien\connection">
      <UniqueIdentifier>{8980d959-c2f2-4206-a88f-59b7979fc409}</UniqueIdentifier>
    </Filter>
    <Filter Include="Quelldateien\engine">
      <UniqueIdentifier>{fd292598-8d73-4d4f-94a8-7f898a670c4b}</UniqueIdentifier>
    </Filter>
    <Filter Include="Headerdateien\website">
      <UniqueIdentifier>{b0405ec0-6cb1-441b-8ffe-0372ff6b6b61}</UniqueIdentifier>
    </Filter>
    <Filter Include="Quelldateien\website">
      <UniqueIdentifier>{fb6580c2-dd8a-40df-aa3c-94178e79f81e}</UniqueIdentifier>
    </Filter>
    <Filter Include="Quelldateien\website\controller">
      <UniqueIdentifier>{46cfb732-2c7f-4e31-b80a-3fd2a3f6e830}</UniqueIdentifier>
    </Filter>
    <Filter Include="Headerdateien\website\controller">
      <UniqueIdentifier>{359a99b4-b7c1-44a3-a826-6d78bec905f0}</UniqueIdentifier>
    </Filter>
    <Filter Include="Headerdateien\engine">
      <UniqueIdentifier>{048ed671-6c74-4773-b79e-69399214f4ef}</UniqueIdentifier>
    </Filter>
    <Filter Include="Headerdateien\engine\test">
      <UniqueIdentifier>{2f4cdaca-590f-4f0d-a45f-daf60feaa7a4}</UniqueIdentifier>
    </Filter>
  </ItemGroup>
  <ItemGroup>
    <ClCompile Include="base64\base64.cpp">
      <Filter>Quelldateien\connection</Filter>
    </ClCompile>
    <ClCompile Include="socket\src\Socket.cpp">
      <Filter>Quelldateien\connection</Filter>
    </ClCompile>
    <ClCompile Include="UrlHelper.cpp">
      <Filter>Quelldateien\connection</Filter>
    </ClCompile>
    <ClCompile Include="stdHelpers.cpp">
      <Filter>Quelldateien\connection</Filter>
    </ClCompile>
    <ClCompile Include="Route.cpp">
      <Filter>Quelldateien\connection</Filter>
    </ClCompile>
    <ClCompile Include="RoutingEngine.cpp">
      <Filter>Quelldateien\connection</Filter>
    </ClCompile>
    <ClCompile Include="Controller.cpp">
      <Filter>Quelldateien\engine</Filter>
    </ClCompile>
    <ClCompile Include="main.cpp">
      <Filter>Quelldateien\engine</Filter>
    </ClCompile>
    <ClCompile Include="Routing.cpp">
      <Filter>Quelldateien\website</Filter>
    </ClCompile>
    <ClCompile Include="webserver.cpp">
      <Filter>Quelldateien\engine</Filter>
    </ClCompile>
    <ClCompile Include="Part.cpp">
      <Filter>Quelldateien\engine</Filter>
    </ClCompile>
    <ClCompile Include="PocoMainServer.cpp">
      <Filter>Quelldateien\engine</Filter>
    </ClCompile>
  </ItemGroup>
  <ItemGroup>
    <ClInclude Include="base64\base64.h">
      <Filter>Headerdateien\connection</Filter>
    </ClInclude>
    <ClInclude Include="casTypes.h">
      <Filter>Headerdateien\engine</Filter>
    </ClInclude>
    <ClInclude Include="Controller.h">
      <Filter>Headerdateien\engine</Filter>
    </ClInclude>
    <ClInclude Include="RootController.h">
      <Filter>Headerdateien\website\controller</Filter>
    </ClInclude>
    <ClInclude Include="Route.h">
      <Filter>Headerdateien\engine</Filter>
    </ClInclude>
    <ClInclude Include="Routing.h">
      <Filter>Headerdateien\website</Filter>
    </ClInclude>
    <ClInclude Include="RoutingEngine.h">
      <Filter>Headerdateien\engine</Filter>
    </ClInclude>
    <ClInclude Include="socket\src\Socket.h">
      <Filter>Headerdateien\connection</Filter>
    </ClInclude>
    <ClInclude Include="starStringEquals.h">
      <Filter>Headerdateien\engine</Filter>
    </ClInclude>
    <ClInclude Include="starStringEqualsTest.h">
      <Filter>Headerdateien\engine\test</Filter>
    </ClInclude>
    <ClInclude Include="stdHelpers.h">
      <Filter>Headerdateien\connection</Filter>
    </ClInclude>
    <ClInclude Include="Tracer.h">
      <Filter>Headerdateien\connection</Filter>
    </ClInclude>
    <ClInclude Include="UrlHelper.h">
      <Filter>Headerdateien\connection</Filter>
    </ClInclude>
    <ClInclude Include="webserver.h">
      <Filter>Headerdateien\engine</Filter>
    </ClInclude>
    <ClInclude Include="Error404Controller.h">
      <Filter>Headerdateien\website\controller</Filter>
    </ClInclude>
    <ClInclude Include="StringExplode.h">
      <Filter>Headerdateien\engine</Filter>
    </ClInclude>
    <ClInclude Include="Part.h">
      <Filter>Headerdateien\engine</Filter>
    </ClInclude>
    <ClInclude Include="StaticController.h">
      <Filter>Headerdateien\engine</Filter>
    </ClInclude>
    <ClInclude Include="StaticRecource.h">
      <Filter>Headerdateien\engine</Filter>
    </ClInclude>
  </ItemGroup>
  <ItemGroup>
    <None Include="ClassDiagram1.cd" />
  </ItemGroup>
</Project>